
Microsoft Visual Studio Solution File, Format Version 12.00
# Visual Studio 14
VisualStudioVersion = 14.0.25420.1
MinimumVisualStudioVersion = 10.0.40219.1
Project("{E24C65DC-7377-472B-9ABA-BC803B73C61A}") = "GeekMongerFINAL VERSION2(3)", "..\..\..\Advanced Programming\Group project\GeekMongerFINAL VERSION2\", "{35746C7C-75D3-499A-B08A-D5331852ABF0}"
	ProjectSection(WebsiteProperties) = preProject
		TargetFrameworkMoniker = ".NETFramework,Version%3Dv4.5"
		Debug.AspNetCompiler.VirtualPath = "/localhost_60341"
		Debug.AspNetCompiler.PhysicalPath = "..\..\..\Advanced Programming\Group project\GeekMongerFINAL VERSION2\"
		Debug.AspNetCompiler.TargetPath = "PrecompiledWeb\localhost_60341\"
		Debug.AspNetCompiler.Updateable = "true"
		Debug.AspNetCompiler.ForceOverwrite = "true"
		Debug.AspNetCompiler.FixedNames = "false"
		Debug.AspNetCompiler.Debug = "True"
		Release.AspNetCompiler.VirtualPath = "/localhost_60341"
		Release.AspNetCompiler.PhysicalPath = "..\..\..\Advanced Programming\Group project\GeekMongerFINAL VERSION2\"
		Release.AspNetCompiler.TargetPath = "PrecompiledWeb\localhost_60341\"
		Release.AspNetCompiler.Updateable = "true"
		Release.AspNetCompiler.ForceOverwrite = "true"
		Release.AspNetCompiler.FixedNames = "false"
		Release.AspNetCompiler.Debug = "False"
		VWDPort = "60341"
		SlnRelativePath = "..\..\..\Advanced Programming\Group project\GeekMongerFINAL VERSION2\"
	EndProjectSection
EndProject
Global
	GlobalSection(SolutionConfigurationPlatforms) = preSolution
		Debug|Any CPU = Debug|Any CPU
	EndGlobalSection
	GlobalSection(ProjectConfigurationPlatforms) = postSolution
		{35746C7C-75D3-499A-B08A-D5331852ABF0}.Debug|Any CPU.ActiveCfg = Debug|Any CPU
		{35746C7C-75D3-499A-B08A-D5331852ABF0}.Debug|Any CPU.Build.0 = Debug|Any CPU
	EndGlobalSection
	GlobalSection(SolutionProperties) = preSolution
		HideSolutionNode = FALSE
	EndGlobalSection
EndGlobal
